
Microsoft Visual Studio Solution File, Format Version 12.00
# Visual Studio Version 17
VisualStudioVersion = 17.0.31903.59
MinimumVisualStudioVersion = 10.0.40219.1
Project("{2150E333-8FDC-42A3-9474-1A3956D46DE8}") = "src", "src", "{827E0CD3-B72D-47B6-A68D-7590B98EB39B}"
EndProject
Project("{FAE04EC0-301F-11D3-BF4B-00C04F79EFBC}") = "DynamicHealthCheck", "src\DynamicHealthCheck\DynamicHealthCheck.csproj", "{81CCDBD8-06A5-4D8B-A9A8-37649DC125EB}"
EndProject
Project("{FAE04EC0-301F-11D3-BF4B-00C04F79EFBC}") = "DynamicHealthCheck.LogSeverity", "src\DynamicHealthCheck.LogSeverity\DynamicHealthCheck.LogSeverity.csproj", "{D5DFA56E-A650-4495-874A-7C93F975DD1D}"
EndProject
Project("{2150E333-8FDC-42A3-9474-1A3956D46DE8}") = "samples", "samples", "{5D20AA90-6969-D8BD-9DCD-8634F4692FDA}"
EndProject
Project("{FAE04EC0-301F-11D3-BF4B-00C04F79EFBC}") = "DynamicHealthCheck.Demo", "samples\DynamicHealthCheck.Demo\DynamicHealthCheck.Demo.csproj", "{CC8CB850-EB25-4754-BFAA-471896F5F4B7}"
EndProject
Global
	GlobalSection(SolutionConfigurationPlatforms) = preSolution
		Debug|Any CPU = Debug|Any CPU
		Debug|x64 = Debug|x64
		Debug|x86 = Debug|x86
		Release|Any CPU = Release|Any CPU
		Release|x64 = Release|x64
		Release|x86 = Release|x86
	EndGlobalSection
	GlobalSection(ProjectConfigurationPlatforms) = postSolution
		{81CCDBD8-06A5-4D8B-A9A8-37649DC125EB}.Debug|Any CPU.ActiveCfg = Debug|Any CPU
		{81CCDBD8-06A5-4D8B-A9A8-37649DC125EB}.Debug|Any CPU.Build.0 = Debug|Any CPU
		{81CCDBD8-06A5-4D8B-A9A8-37649DC125EB}.Debug|x64.ActiveCfg = Debug|Any CPU
		{81CCDBD8-06A5-4D8B-A9A8-37649DC125EB}.Debug|x64.Build.0 = Debug|Any CPU
		{81CCDBD8-06A5-4D8B-A9A8-37649DC125EB}.Debug|x86.ActiveCfg = Debug|Any CPU
		{81CCDBD8-06A5-4D8B-A9A8-37649DC125EB}.Debug|x86.Build.0 = Debug|Any CPU
		{81CCDBD8-06A5-4D8B-A9A8-37649DC125EB}.Release|Any CPU.ActiveCfg = Release|Any CPU
		{81CCDBD8-06A5-4D8B-A9A8-37649DC125EB}.Release|Any CPU.Build.0 = Release|Any CPU
		{81CCDBD8-06A5-4D8B-A9A8-37649DC125EB}.Release|x64.ActiveCfg = Release|Any CPU
		{81CCDBD8-06A5-4D8B-A9A8-37649DC125EB}.Release|x64.Build.0 = Release|Any CPU
		{81CCDBD8-06A5-4D8B-A9A8-37649DC125EB}.Release|x86.ActiveCfg = Release|Any CPU
		{81CCDBD8-06A5-4D8B-A9A8-37649DC125EB}.Release|x86.Build.0 = Release|Any CPU
		{D5DFA56E-A650-4495-874A-7C93F975DD1D}.Debug|Any CPU.ActiveCfg = Debug|Any CPU
		{D5DFA56E-A650-4495-874A-7C93F975DD1D}.Debug|Any CPU.Build.0 = Debug|Any CPU
		{D5DFA56E-A650-4495-874A-7C93F975DD1D}.Debug|x64.ActiveCfg = Debug|Any CPU
		{D5DFA56E-A650-4495-874A-7C93F975DD1D}.Debug|x64.Build.0 = Debug|Any CPU
		{D5DFA56E-A650-4495-874A-7C93F975DD1D}.Debug|x86.ActiveCfg = Debug|Any CPU
		{D5DFA56E-A650-4495-874A-7C93F975DD1D}.Debug|x86.Build.0 = Debug|Any CPU
		{D5DFA56E-A650-4495-874A-7C93F975DD1D}.Release|Any CPU.ActiveCfg = Release|Any CPU
		{D5DFA56E-A650-4495-874A-7C93F975DD1D}.Release|Any CPU.Build.0 = Release|Any CPU
		{D5DFA56E-A650-4495-874A-7C93F975DD1D}.Release|x64.ActiveCfg = Release|Any CPU
		{D5DFA56E-A650-4495-874A-7C93F975DD1D}.Release|x64.Build.0 = Release|Any CPU
		{D5DFA56E-A650-4495-874A-7C93F975DD1D}.Release|x86.ActiveCfg = Release|Any CPU
		{D5DFA56E-A650-4495-874A-7C93F975DD1D}.Release|x86.Build.0 = Release|Any CPU
		{CC8CB850-EB25-4754-BFAA-471896F5F4B7}.Debug|Any CPU.ActiveCfg = Debug|Any CPU
		{CC8CB850-EB25-4754-BFAA-471896F5F4B7}.Debug|Any CPU.Build.0 = Debug|Any CPU
		{CC8CB850-EB25-4754-BFAA-471896F5F4B7}.Debug|x64.ActiveCfg = Debug|Any CPU
		{CC8CB850-EB25-4754-BFAA-471896F5F4B7}.Debug|x64.Build.0 = Debug|Any CPU
		{CC8CB850-EB25-4754-BFAA-471896F5F4B7}.Debug|x86.ActiveCfg = Debug|Any CPU
		{CC8CB850-EB25-4754-BFAA-471896F5F4B7}.Debug|x86.Build.0 = Debug|Any CPU
		{CC8CB850-EB25-4754-BFAA-471896F5F4B7}.Release|Any CPU.ActiveCfg = Release|Any CPU
		{CC8CB850-EB25-4754-BFAA-471896F5F4B7}.Release|Any CPU.Build.0 = Release|Any CPU
		{CC8CB850-EB25-4754-BFAA-471896F5F4B7}.Release|x64.ActiveCfg = Release|Any CPU
		{CC8CB850-EB25-4754-BFAA-471896F5F4B7}.Release|x64.Build.0 = Release|Any CPU
		{CC8CB850-EB25-4754-BFAA-471896F5F4B7}.Release|x86.ActiveCfg = Release|Any CPU
		{CC8CB850-EB25-4754-BFAA-471896F5F4B7}.Release|x86.Build.0 = Release|Any CPU
	EndGlobalSection
	GlobalSection(SolutionProperties) = preSolution
		HideSolutionNode = FALSE
	EndGlobalSection
	GlobalSection(NestedProjects) = preSolution
		{81CCDBD8-06A5-4D8B-A9A8-37649DC125EB} = {827E0CD3-B72D-47B6-A68D-7590B98EB39B}
		{D5DFA56E-A650-4495-874A-7C93F975DD1D} = {827E0CD3-B72D-47B6-A68D-7590B98EB39B}
		{CC8CB850-EB25-4754-BFAA-471896F5F4B7} = {5D20AA90-6969-D8BD-9DCD-8634F4692FDA}
	EndGlobalSection
EndGlobal
