
Microsoft Visual Studio Solution File, Format Version 12.00
# Visual Studio Version 17
VisualStudioVersion = 17.0.31903.59
MinimumVisualStudioVersion = 10.0.40219.1
Project("{2150E333-8FDC-42A3-9474-1A3956D46DE8}") = "samples", "samples", "{5D20AA90-6969-D8BD-9DCD-8634F4692FDA}"
EndProject
Project("{FAE04EC0-301F-11D3-BF4B-00C04F79EFBC}") = "DynamicHealthCheck.Demo", "samples\DynamicHealthCheck.Demo\DynamicHealthCheck.Demo.csproj", "{B215A370-835F-4F6F-B2AC-2AA0DFF02EDD}"
EndProject
Project("{2150E333-8FDC-42A3-9474-1A3956D46DE8}") = "src", "src", "{827E0CD3-B72D-47B6-A68D-7590B98EB39B}"
EndProject
Project("{FAE04EC0-301F-11D3-BF4B-00C04F79EFBC}") = "DynamicHealthCheck", "src\DynamicHealthCheck\DynamicHealthCheck.csproj", "{50A4C2F7-1402-418C-89FC-3AFA06993DC1}"
EndProject
Project("{2150E333-8FDC-42A3-9474-1A3956D46DE8}") = "Extensions", "Extensions", "{F23F25D0-9DF9-18E8-03AC-E66B5EF618A6}"
EndProject
Project("{2150E333-8FDC-42A3-9474-1A3956D46DE8}") = "LogSeverity", "LogSeverity", "{616C0C26-D731-A0E7-C5D7-D33F7152F45E}"
EndProject
Project("{FAE04EC0-301F-11D3-BF4B-00C04F79EFBC}") = "DynamicHealthCheck.LogSeverity", "src\Extensions\LogSeverity\DynamicHealthCheck.LogSeverity.csproj", "{9498703A-71A2-4925-8E54-44903CCDEE94}"
EndProject
Global
	GlobalSection(SolutionConfigurationPlatforms) = preSolution
		Debug|Any CPU = Debug|Any CPU
		Debug|x64 = Debug|x64
		Debug|x86 = Debug|x86
		Release|Any CPU = Release|Any CPU
		Release|x64 = Release|x64
		Release|x86 = Release|x86
	EndGlobalSection
	GlobalSection(ProjectConfigurationPlatforms) = postSolution
		{B215A370-835F-4F6F-B2AC-2AA0DFF02EDD}.Debug|Any CPU.ActiveCfg = Debug|Any CPU
		{B215A370-835F-4F6F-B2AC-2AA0DFF02EDD}.Debug|Any CPU.Build.0 = Debug|Any CPU
		{B215A370-835F-4F6F-B2AC-2AA0DFF02EDD}.Debug|x64.ActiveCfg = Debug|Any CPU
		{B215A370-835F-4F6F-B2AC-2AA0DFF02EDD}.Debug|x64.Build.0 = Debug|Any CPU
		{B215A370-835F-4F6F-B2AC-2AA0DFF02EDD}.Debug|x86.ActiveCfg = Debug|Any CPU
		{B215A370-835F-4F6F-B2AC-2AA0DFF02EDD}.Debug|x86.Build.0 = Debug|Any CPU
		{B215A370-835F-4F6F-B2AC-2AA0DFF02EDD}.Release|Any CPU.ActiveCfg = Release|Any CPU
		{B215A370-835F-4F6F-B2AC-2AA0DFF02EDD}.Release|Any CPU.Build.0 = Release|Any CPU
		{B215A370-835F-4F6F-B2AC-2AA0DFF02EDD}.Release|x64.ActiveCfg = Release|Any CPU
		{B215A370-835F-4F6F-B2AC-2AA0DFF02EDD}.Release|x64.Build.0 = Release|Any CPU
		{B215A370-835F-4F6F-B2AC-2AA0DFF02EDD}.Release|x86.ActiveCfg = Release|Any CPU
		{B215A370-835F-4F6F-B2AC-2AA0DFF02EDD}.Release|x86.Build.0 = Release|Any CPU
		{50A4C2F7-1402-418C-89FC-3AFA06993DC1}.Debug|Any CPU.ActiveCfg = Debug|Any CPU
		{50A4C2F7-1402-418C-89FC-3AFA06993DC1}.Debug|Any CPU.Build.0 = Debug|Any CPU
		{50A4C2F7-1402-418C-89FC-3AFA06993DC1}.Debug|x64.ActiveCfg = Debug|Any CPU
		{50A4C2F7-1402-418C-89FC-3AFA06993DC1}.Debug|x64.Build.0 = Debug|Any CPU
		{50A4C2F7-1402-418C-89FC-3AFA06993DC1}.Debug|x86.ActiveCfg = Debug|Any CPU
		{50A4C2F7-1402-418C-89FC-3AFA06993DC1}.Debug|x86.Build.0 = Debug|Any CPU
		{50A4C2F7-1402-418C-89FC-3AFA06993DC1}.Release|Any CPU.ActiveCfg = Release|Any CPU
		{50A4C2F7-1402-418C-89FC-3AFA06993DC1}.Release|Any CPU.Build.0 = Release|Any CPU
		{50A4C2F7-1402-418C-89FC-3AFA06993DC1}.Release|x64.ActiveCfg = Release|Any CPU
		{50A4C2F7-1402-418C-89FC-3AFA06993DC1}.Release|x64.Build.0 = Release|Any CPU
		{50A4C2F7-1402-418C-89FC-3AFA06993DC1}.Release|x86.ActiveCfg = Release|Any CPU
		{50A4C2F7-1402-418C-89FC-3AFA06993DC1}.Release|x86.Build.0 = Release|Any CPU
		{9498703A-71A2-4925-8E54-44903CCDEE94}.Debug|Any CPU.ActiveCfg = Debug|Any CPU
		{9498703A-71A2-4925-8E54-44903CCDEE94}.Debug|Any CPU.Build.0 = Debug|Any CPU
		{9498703A-71A2-4925-8E54-44903CCDEE94}.Debug|x64.ActiveCfg = Debug|Any CPU
		{9498703A-71A2-4925-8E54-44903CCDEE94}.Debug|x64.Build.0 = Debug|Any CPU
		{9498703A-71A2-4925-8E54-44903CCDEE94}.Debug|x86.ActiveCfg = Debug|Any CPU
		{9498703A-71A2-4925-8E54-44903CCDEE94}.Debug|x86.Build.0 = Debug|Any CPU
		{9498703A-71A2-4925-8E54-44903CCDEE94}.Release|Any CPU.ActiveCfg = Release|Any CPU
		{9498703A-71A2-4925-8E54-44903CCDEE94}.Release|Any CPU.Build.0 = Release|Any CPU
		{9498703A-71A2-4925-8E54-44903CCDEE94}.Release|x64.ActiveCfg = Release|Any CPU
		{9498703A-71A2-4925-8E54-44903CCDEE94}.Release|x64.Build.0 = Release|Any CPU
		{9498703A-71A2-4925-8E54-44903CCDEE94}.Release|x86.ActiveCfg = Release|Any CPU
		{9498703A-71A2-4925-8E54-44903CCDEE94}.Release|x86.Build.0 = Release|Any CPU
	EndGlobalSection
	GlobalSection(SolutionProperties) = preSolution
		HideSolutionNode = FALSE
	EndGlobalSection
	GlobalSection(NestedProjects) = preSolution
		{B215A370-835F-4F6F-B2AC-2AA0DFF02EDD} = {5D20AA90-6969-D8BD-9DCD-8634F4692FDA}
		{50A4C2F7-1402-418C-89FC-3AFA06993DC1} = {827E0CD3-B72D-47B6-A68D-7590B98EB39B}
		{F23F25D0-9DF9-18E8-03AC-E66B5EF618A6} = {827E0CD3-B72D-47B6-A68D-7590B98EB39B}
		{616C0C26-D731-A0E7-C5D7-D33F7152F45E} = {F23F25D0-9DF9-18E8-03AC-E66B5EF618A6}
		{9498703A-71A2-4925-8E54-44903CCDEE94} = {616C0C26-D731-A0E7-C5D7-D33F7152F45E}
	EndGlobalSection
EndGlobal
