
Microsoft Visual Studio Solution File, Format Version 12.00
Project("{FAE04EC0-301F-11D3-BF4B-00C04F79EFBC}") = "DynamicHealthCheck", "DynamicHealthCheck\DynamicHealthCheck.csproj", "{B6822030-EF1D-4DC8-B41F-340472B4A27D}"
EndProject
Project("{FAE04EC0-301F-11D3-BF4B-00C04F79EFBC}") = "DynamicHealthCheck.Demo", "DynamicHealthCheck.Demo\DynamicHealthCheck.Demo.csproj", "{ACBC1B68-ABF6-430A-ADFF-2ABC9B746D7B}"
EndProject
Project("{FAE04EC0-301F-11D3-BF4B-00C04F79EFBC}") = "DynamicHealthCheck.LogSeverity", "DynamicHealthCheck.LogSeverity\DynamicHealthCheck.LogSeverity.csproj", "{196E270F-6A68-4E66-851F-68E3ADE501D6}"
EndProject
Global
	GlobalSection(SolutionConfigurationPlatforms) = preSolution
		Debug|Any CPU = Debug|Any CPU
		Release|Any CPU = Release|Any CPU
	EndGlobalSection
	GlobalSection(ProjectConfigurationPlatforms) = postSolution
		{B6822030-EF1D-4DC8-B41F-340472B4A27D}.Debug|Any CPU.ActiveCfg = Debug|Any CPU
		{B6822030-EF1D-4DC8-B41F-340472B4A27D}.Debug|Any CPU.Build.0 = Debug|Any CPU
		{B6822030-EF1D-4DC8-B41F-340472B4A27D}.Release|Any CPU.ActiveCfg = Release|Any CPU
		{B6822030-EF1D-4DC8-B41F-340472B4A27D}.Release|Any CPU.Build.0 = Release|Any CPU
		{ACBC1B68-ABF6-430A-ADFF-2ABC9B746D7B}.Debug|Any CPU.ActiveCfg = Debug|Any CPU
		{ACBC1B68-ABF6-430A-ADFF-2ABC9B746D7B}.Debug|Any CPU.Build.0 = Debug|Any CPU
		{ACBC1B68-ABF6-430A-ADFF-2ABC9B746D7B}.Release|Any CPU.ActiveCfg = Release|Any CPU
		{ACBC1B68-ABF6-430A-ADFF-2ABC9B746D7B}.Release|Any CPU.Build.0 = Release|Any CPU
		{196E270F-6A68-4E66-851F-68E3ADE501D6}.Debug|Any CPU.ActiveCfg = Debug|Any CPU
		{196E270F-6A68-4E66-851F-68E3ADE501D6}.Debug|Any CPU.Build.0 = Debug|Any CPU
		{196E270F-6A68-4E66-851F-68E3ADE501D6}.Release|Any CPU.ActiveCfg = Release|Any CPU
		{196E270F-6A68-4E66-851F-68E3ADE501D6}.Release|Any CPU.Build.0 = Release|Any CPU
	EndGlobalSection
EndGlobal
